// !$*UTF8*$!
{
	archiveVersion = 1;
	classes = {
	};
	objectVersion = 55;
	objects = {

/* Begin PBXBuildFile section */
		ED33A55B2C6EBDAA005638BC /* User.swift in Sources */ = {isa = PBXBuildFile; fileRef = ED33A55A2C6EBDAA005638BC /* User.swift */; };
		ED8859F7271A1682001C01D5 /* AppDelegate.swift in Sources */ = {isa = PBXBuildFile; fileRef = ED8859F6271A1682001C01D5 /* AppDelegate.swift */; };
		ED8859FB271A1682001C01D5 /* ViewController.swift in Sources */ = {isa = PBXBuildFile; fileRef = ED8859FA271A1682001C01D5 /* ViewController.swift */; };
		ED8859FE271A1682001C01D5 /* Main.storyboard in Resources */ = {isa = PBXBuildFile; fileRef = ED8859FC271A1682001C01D5 /* Main.storyboard */; };
		ED885A00271A1684001C01D5 /* Assets.xcassets in Resources */ = {isa = PBXBuildFile; fileRef = ED8859FF271A1684001C01D5 /* Assets.xcassets */; };
		ED885A03271A1684001C01D5 /* LaunchScreen.storyboard in Resources */ = {isa = PBXBuildFile; fileRef = ED885A01271A1684001C01D5 /* LaunchScreen.storyboard */; };
		ED885A0E271A1684001C01D5 /* IterableCoffeeTests.swift in Sources */ = {isa = PBXBuildFile; fileRef = ED885A0D271A1684001C01D5 /* IterableCoffeeTests.swift */; };
		ED885A18271A1684001C01D5 /* IterableCoffeeUITests.swift in Sources */ = {isa = PBXBuildFile; fileRef = ED885A17271A1684001C01D5 /* IterableCoffeeUITests.swift */; };
		ED885A1A271A1684001C01D5 /* IterableCoffeeUITestsLaunchTests.swift in Sources */ = {isa = PBXBuildFile; fileRef = ED885A19271A1684001C01D5 /* IterableCoffeeUITestsLaunchTests.swift */; };
		ED885A29271A2ED1001C01D5 /* HomeViewController.swift in Sources */ = {isa = PBXBuildFile; fileRef = ED885A28271A2ED1001C01D5 /* HomeViewController.swift */; };
		ED885A31271A3C85001C01D5 /* NotificationService.swift in Sources */ = {isa = PBXBuildFile; fileRef = ED885A30271A3C85001C01D5 /* NotificationService.swift */; };
		ED885A35271A3C85001C01D5 /* IterableCoffeeNS.appex in Embed Foundation Extensions */ = {isa = PBXBuildFile; fileRef = ED885A2E271A3C85001C01D5 /* IterableCoffeeNS.appex */; settings = {ATTRIBUTES = (RemoveHeadersOnCopy, ); }; };
		ED885A3C271A3DA1001C01D5 /* IterableAppExtensions in Frameworks */ = {isa = PBXBuildFile; productRef = ED885A3B271A3DA1001C01D5 /* IterableAppExtensions */; };
		ED885A3E271A3DA1001C01D5 /* IterableSDK in Frameworks */ = {isa = PBXBuildFile; productRef = ED885A3D271A3DA1001C01D5 /* IterableSDK */; };
		EDC7DCCB2C9B5976005DBDF8 /* EmbeddedMessageView.swift in Sources */ = {isa = PBXBuildFile; fileRef = EDC7DCCA2C9B5976005DBDF8 /* EmbeddedMessageView.swift */; };
		EDF76F07272774C3006F4116 /* CheckoutViewController.swift in Sources */ = {isa = PBXBuildFile; fileRef = EDF76F06272774C3006F4116 /* CheckoutViewController.swift */; };
		EDF76F09272775C0006F4116 /* Cart.swift in Sources */ = {isa = PBXBuildFile; fileRef = EDF76F08272775C0006F4116 /* Cart.swift */; };
		EDF76F0B27278093006F4116 /* DeepLinkHandler.swift in Sources */ = {isa = PBXBuildFile; fileRef = EDF76F0A27278093006F4116 /* DeepLinkHandler.swift */; };
		EDF76F0D2727810A006F4116 /* UIViewController+Extension.swift in Sources */ = {isa = PBXBuildFile; fileRef = EDF76F0C2727810A006F4116 /* UIViewController+Extension.swift */; };
		EDF76F1127289FD6006F4116 /* CoffeeViewController.swift in Sources */ = {isa = PBXBuildFile; fileRef = EDF76F1027289FD6006F4116 /* CoffeeViewController.swift */; };
		EDF76F132729EF70006F4116 /* SignupViewController.swift in Sources */ = {isa = PBXBuildFile; fileRef = EDF76F122729EF70006F4116 /* SignupViewController.swift */; };
/* End PBXBuildFile section */

/* Begin PBXContainerItemProxy section */
		ED885A0A271A1684001C01D5 /* PBXContainerItemProxy */ = {
			isa = PBXContainerItemProxy;
			containerPortal = ED8859EB271A1682001C01D5 /* Project object */;
			proxyType = 1;
			remoteGlobalIDString = ED8859F2271A1682001C01D5;
			remoteInfo = IterableCoffee;
		};
		ED885A14271A1684001C01D5 /* PBXContainerItemProxy */ = {
			isa = PBXContainerItemProxy;
			containerPortal = ED8859EB271A1682001C01D5 /* Project object */;
			proxyType = 1;
			remoteGlobalIDString = ED8859F2271A1682001C01D5;
			remoteInfo = IterableCoffee;
		};
		ED885A33271A3C85001C01D5 /* PBXContainerItemProxy */ = {
			isa = PBXContainerItemProxy;
			containerPortal = ED8859EB271A1682001C01D5 /* Project object */;
			proxyType = 1;
			remoteGlobalIDString = ED885A2D271A3C85001C01D5;
			remoteInfo = IterableCoffeeNS;
		};
/* End PBXContainerItemProxy section */

/* Begin PBXCopyFilesBuildPhase section */
		ED885A39271A3C85001C01D5 /* Embed Foundation Extensions */ = {
			isa = PBXCopyFilesBuildPhase;
			buildActionMask = 2147483647;
			dstPath = "";
			dstSubfolderSpec = 13;
			files = (
				ED885A35271A3C85001C01D5 /* IterableCoffeeNS.appex in Embed Foundation Extensions */,
			);
			name = "Embed Foundation Extensions";
			runOnlyForDeploymentPostprocessing = 0;
		};
/* End PBXCopyFilesBuildPhase section */

/* Begin PBXFileReference section */
		ED33A55A2C6EBDAA005638BC /* User.swift */ = {isa = PBXFileReference; lastKnownFileType = sourcecode.swift; path = User.swift; sourceTree = "<group>"; };
		ED8859F3271A1682001C01D5 /* IterableCoffee.app */ = {isa = PBXFileReference; explicitFileType = wrapper.application; includeInIndex = 0; path = IterableCoffee.app; sourceTree = BUILT_PRODUCTS_DIR; };
		ED8859F6271A1682001C01D5 /* AppDelegate.swift */ = {isa = PBXFileReference; lastKnownFileType = sourcecode.swift; path = AppDelegate.swift; sourceTree = "<group>"; };
		ED8859FA271A1682001C01D5 /* ViewController.swift */ = {isa = PBXFileReference; lastKnownFileType = sourcecode.swift; path = ViewController.swift; sourceTree = "<group>"; };
		ED8859FD271A1682001C01D5 /* Base */ = {isa = PBXFileReference; lastKnownFileType = file.storyboard; name = Base; path = Base.lproj/Main.storyboard; sourceTree = "<group>"; };
		ED8859FF271A1684001C01D5 /* Assets.xcassets */ = {isa = PBXFileReference; lastKnownFileType = folder.assetcatalog; path = Assets.xcassets; sourceTree = "<group>"; };
		ED885A02271A1684001C01D5 /* Base */ = {isa = PBXFileReference; lastKnownFileType = file.storyboard; name = Base; path = Base.lproj/LaunchScreen.storyboard; sourceTree = "<group>"; };
		ED885A04271A1684001C01D5 /* Info.plist */ = {isa = PBXFileReference; lastKnownFileType = text.plist.xml; path = Info.plist; sourceTree = "<group>"; };
		ED885A09271A1684001C01D5 /* IterableCoffeeTests.xctest */ = {isa = PBXFileReference; explicitFileType = wrapper.cfbundle; includeInIndex = 0; path = IterableCoffeeTests.xctest; sourceTree = BUILT_PRODUCTS_DIR; };
		ED885A0D271A1684001C01D5 /* IterableCoffeeTests.swift */ = {isa = PBXFileReference; lastKnownFileType = sourcecode.swift; path = IterableCoffeeTests.swift; sourceTree = "<group>"; };
		ED885A13271A1684001C01D5 /* IterableCoffeeUITests.xctest */ = {isa = PBXFileReference; explicitFileType = wrapper.cfbundle; includeInIndex = 0; path = IterableCoffeeUITests.xctest; sourceTree = BUILT_PRODUCTS_DIR; };
		ED885A17271A1684001C01D5 /* IterableCoffeeUITests.swift */ = {isa = PBXFileReference; lastKnownFileType = sourcecode.swift; path = IterableCoffeeUITests.swift; sourceTree = "<group>"; };
		ED885A19271A1684001C01D5 /* IterableCoffeeUITestsLaunchTests.swift */ = {isa = PBXFileReference; lastKnownFileType = sourcecode.swift; path = IterableCoffeeUITestsLaunchTests.swift; sourceTree = "<group>"; };
		ED885A28271A2ED1001C01D5 /* HomeViewController.swift */ = {isa = PBXFileReference; lastKnownFileType = sourcecode.swift; path = HomeViewController.swift; sourceTree = "<group>"; };
		ED885A2E271A3C85001C01D5 /* IterableCoffeeNS.appex */ = {isa = PBXFileReference; explicitFileType = "wrapper.app-extension"; includeInIndex = 0; path = IterableCoffeeNS.appex; sourceTree = BUILT_PRODUCTS_DIR; };
		ED885A30271A3C85001C01D5 /* NotificationService.swift */ = {isa = PBXFileReference; lastKnownFileType = sourcecode.swift; path = NotificationService.swift; sourceTree = "<group>"; };
		ED885A32271A3C85001C01D5 /* Info.plist */ = {isa = PBXFileReference; lastKnownFileType = text.plist.xml; path = Info.plist; sourceTree = "<group>"; };
		EDC7DCCA2C9B5976005DBDF8 /* EmbeddedMessageView.swift */ = {isa = PBXFileReference; lastKnownFileType = sourcecode.swift; path = EmbeddedMessageView.swift; sourceTree = "<group>"; };
		EDF76F0527236D25006F4116 /* IterableCoffee.entitlements */ = {isa = PBXFileReference; lastKnownFileType = text.plist.entitlements; path = IterableCoffee.entitlements; sourceTree = "<group>"; };
		EDF76F06272774C3006F4116 /* CheckoutViewController.swift */ = {isa = PBXFileReference; lastKnownFileType = sourcecode.swift; path = CheckoutViewController.swift; sourceTree = "<group>"; };
		EDF76F08272775C0006F4116 /* Cart.swift */ = {isa = PBXFileReference; lastKnownFileType = sourcecode.swift; path = Cart.swift; sourceTree = "<group>"; };
		EDF76F0A27278093006F4116 /* DeepLinkHandler.swift */ = {isa = PBXFileReference; lastKnownFileType = sourcecode.swift; path = DeepLinkHandler.swift; sourceTree = "<group>"; };
		EDF76F0C2727810A006F4116 /* UIViewController+Extension.swift */ = {isa = PBXFileReference; lastKnownFileType = sourcecode.swift; path = "UIViewController+Extension.swift"; sourceTree = "<group>"; };
		EDF76F1027289FD6006F4116 /* CoffeeViewController.swift */ = {isa = PBXFileReference; lastKnownFileType = sourcecode.swift; path = CoffeeViewController.swift; sourceTree = "<group>"; };
		EDF76F122729EF70006F4116 /* SignupViewController.swift */ = {isa = PBXFileReference; lastKnownFileType = sourcecode.swift; path = SignupViewController.swift; sourceTree = "<group>"; };
/* End PBXFileReference section */

/* Begin PBXFrameworksBuildPhase section */
		ED8859F0271A1682001C01D5 /* Frameworks */ = {
			isa = PBXFrameworksBuildPhase;
			buildActionMask = 2147483647;
			files = (
				ED885A3E271A3DA1001C01D5 /* IterableSDK in Frameworks */,
			);
			runOnlyForDeploymentPostprocessing = 0;
		};
		ED885A06271A1684001C01D5 /* Frameworks */ = {
			isa = PBXFrameworksBuildPhase;
			buildActionMask = 2147483647;
			files = (
			);
			runOnlyForDeploymentPostprocessing = 0;
		};
		ED885A10271A1684001C01D5 /* Frameworks */ = {
			isa = PBXFrameworksBuildPhase;
			buildActionMask = 2147483647;
			files = (
			);
			runOnlyForDeploymentPostprocessing = 0;
		};
		ED885A2B271A3C85001C01D5 /* Frameworks */ = {
			isa = PBXFrameworksBuildPhase;
			buildActionMask = 2147483647;
			files = (
				ED885A3C271A3DA1001C01D5 /* IterableAppExtensions in Frameworks */,
			);
			runOnlyForDeploymentPostprocessing = 0;
		};
/* End PBXFrameworksBuildPhase section */

/* Begin PBXGroup section */
		ED8859EA271A1682001C01D5 = {
			isa = PBXGroup;
			children = (
				ED8859F5271A1682001C01D5 /* IterableCoffee */,
				ED885A0C271A1684001C01D5 /* IterableCoffeeTests */,
				ED885A16271A1684001C01D5 /* IterableCoffeeUITests */,
				ED885A2F271A3C85001C01D5 /* IterableCoffeeNS */,
				ED8859F4271A1682001C01D5 /* Products */,
			);
			sourceTree = "<group>";
		};
		ED8859F4271A1682001C01D5 /* Products */ = {
			isa = PBXGroup;
			children = (
				ED8859F3271A1682001C01D5 /* IterableCoffee.app */,
				ED885A09271A1684001C01D5 /* IterableCoffeeTests.xctest */,
				ED885A13271A1684001C01D5 /* IterableCoffeeUITests.xctest */,
				ED885A2E271A3C85001C01D5 /* IterableCoffeeNS.appex */,
			);
			name = Products;
			sourceTree = "<group>";
		};
		ED8859F5271A1682001C01D5 /* IterableCoffee */ = {
			isa = PBXGroup;
			children = (
				EDF76F0527236D25006F4116 /* IterableCoffee.entitlements */,
				ED8859F6271A1682001C01D5 /* AppDelegate.swift */,
				EDF76F0F27278172006F4116 /* Deep Link Handling */,
				ED8859FA271A1682001C01D5 /* ViewController.swift */,
				EDF76F122729EF70006F4116 /* SignupViewController.swift */,
				ED885A28271A2ED1001C01D5 /* HomeViewController.swift */,
				EDF76F1027289FD6006F4116 /* CoffeeViewController.swift */,
				EDF76F06272774C3006F4116 /* CheckoutViewController.swift */,
				EDC7DCCA2C9B5976005DBDF8 /* EmbeddedMessageView.swift */,
				EDF76F08272775C0006F4116 /* Cart.swift */,
				ED33A55A2C6EBDAA005638BC /* User.swift */,
				ED8859FC271A1682001C01D5 /* Main.storyboard */,
				ED885A01271A1684001C01D5 /* LaunchScreen.storyboard */,
				ED8859FF271A1684001C01D5 /* Assets.xcassets */,
				ED885A04271A1684001C01D5 /* Info.plist */,
			);
			path = IterableCoffee;
			sourceTree = "<group>";
		};
		ED885A0C271A1684001C01D5 /* IterableCoffeeTests */ = {
			isa = PBXGroup;
			children = (
				ED885A0D271A1684001C01D5 /* IterableCoffeeTests.swift */,
			);
			path = IterableCoffeeTests;
			sourceTree = "<group>";
		};
		ED885A16271A1684001C01D5 /* IterableCoffeeUITests */ = {
			isa = PBXGroup;
			children = (
				ED885A17271A1684001C01D5 /* IterableCoffeeUITests.swift */,
				ED885A19271A1684001C01D5 /* IterableCoffeeUITestsLaunchTests.swift */,
			);
			path = IterableCoffeeUITests;
			sourceTree = "<group>";
		};
		ED885A2F271A3C85001C01D5 /* IterableCoffeeNS */ = {
			isa = PBXGroup;
			children = (
				ED885A30271A3C85001C01D5 /* NotificationService.swift */,
				ED885A32271A3C85001C01D5 /* Info.plist */,
			);
			path = IterableCoffeeNS;
			sourceTree = "<group>";
		};
		EDF76F0F27278172006F4116 /* Deep Link Handling */ = {
			isa = PBXGroup;
			children = (
				EDF76F0A27278093006F4116 /* DeepLinkHandler.swift */,
				EDF76F0C2727810A006F4116 /* UIViewController+Extension.swift */,
			);
			path = "Deep Link Handling";
			sourceTree = "<group>";
		};
/* End PBXGroup section */

/* Begin PBXNativeTarget section */
		ED8859F2271A1682001C01D5 /* IterableCoffee */ = {
			isa = PBXNativeTarget;
			buildConfigurationList = ED885A1D271A1684001C01D5 /* Build configuration list for PBXNativeTarget "IterableCoffee" */;
			buildPhases = (
				ED8859EF271A1682001C01D5 /* Sources */,
				ED8859F0271A1682001C01D5 /* Frameworks */,
				ED8859F1271A1682001C01D5 /* Resources */,
				ED885A39271A3C85001C01D5 /* Embed Foundation Extensions */,
			);
			buildRules = (
			);
			dependencies = (
				ED885A34271A3C85001C01D5 /* PBXTargetDependency */,
			);
			name = IterableCoffee;
			packageProductDependencies = (
				ED885A3D271A3DA1001C01D5 /* IterableSDK */,
			);
			productName = IterableCoffee;
			productReference = ED8859F3271A1682001C01D5 /* IterableCoffee.app */;
			productType = "com.apple.product-type.application";
		};
		ED885A08271A1684001C01D5 /* IterableCoffeeTests */ = {
			isa = PBXNativeTarget;
			buildConfigurationList = ED885A20271A1684001C01D5 /* Build configuration list for PBXNativeTarget "IterableCoffeeTests" */;
			buildPhases = (
				ED885A05271A1684001C01D5 /* Sources */,
				ED885A06271A1684001C01D5 /* Frameworks */,
				ED885A07271A1684001C01D5 /* Resources */,
			);
			buildRules = (
			);
			dependencies = (
				ED885A0B271A1684001C01D5 /* PBXTargetDependency */,
			);
			name = IterableCoffeeTests;
			productName = IterableCoffeeTests;
			productReference = ED885A09271A1684001C01D5 /* IterableCoffeeTests.xctest */;
			productType = "com.apple.product-type.bundle.unit-test";
		};
		ED885A12271A1684001C01D5 /* IterableCoffeeUITests */ = {
			isa = PBXNativeTarget;
			buildConfigurationList = ED885A23271A1684001C01D5 /* Build configuration list for PBXNativeTarget "IterableCoffeeUITests" */;
			buildPhases = (
				ED885A0F271A1684001C01D5 /* Sources */,
				ED885A10271A1684001C01D5 /* Frameworks */,
				ED885A11271A1684001C01D5 /* Resources */,
			);
			buildRules = (
			);
			dependencies = (
				ED885A15271A1684001C01D5 /* PBXTargetDependency */,
			);
			name = IterableCoffeeUITests;
			productName = IterableCoffeeUITests;
			productReference = ED885A13271A1684001C01D5 /* IterableCoffeeUITests.xctest */;
			productType = "com.apple.product-type.bundle.ui-testing";
		};
		ED885A2D271A3C85001C01D5 /* IterableCoffeeNS */ = {
			isa = PBXNativeTarget;
			buildConfigurationList = ED885A36271A3C85001C01D5 /* Build configuration list for PBXNativeTarget "IterableCoffeeNS" */;
			buildPhases = (
				ED885A2A271A3C85001C01D5 /* Sources */,
				ED885A2B271A3C85001C01D5 /* Frameworks */,
				ED885A2C271A3C85001C01D5 /* Resources */,
			);
			buildRules = (
			);
			dependencies = (
			);
			name = IterableCoffeeNS;
			packageProductDependencies = (
				ED885A3B271A3DA1001C01D5 /* IterableAppExtensions */,
			);
			productName = IterableCoffeeNS;
			productReference = ED885A2E271A3C85001C01D5 /* IterableCoffeeNS.appex */;
			productType = "com.apple.product-type.app-extension";
		};
/* End PBXNativeTarget section */

/* Begin PBXProject section */
		ED8859EB271A1682001C01D5 /* Project object */ = {
			isa = PBXProject;
			attributes = {
				BuildIndependentTargetsInParallel = 1;
				LastSwiftUpdateCheck = 1300;
				LastUpgradeCheck = 1420;
				TargetAttributes = {
					ED8859F2271A1682001C01D5 = {
						CreatedOnToolsVersion = 13.0;
					};
					ED885A08271A1684001C01D5 = {
						CreatedOnToolsVersion = 13.0;
						TestTargetID = ED8859F2271A1682001C01D5;
					};
					ED885A12271A1684001C01D5 = {
						CreatedOnToolsVersion = 13.0;
						TestTargetID = ED8859F2271A1682001C01D5;
					};
					ED885A2D271A3C85001C01D5 = {
						CreatedOnToolsVersion = 13.0;
					};
				};
			};
			buildConfigurationList = ED8859EE271A1682001C01D5 /* Build configuration list for PBXProject "IterableCoffee" */;
			compatibilityVersion = "Xcode 13.0";
			developmentRegion = en;
			hasScannedForEncodings = 0;
			knownRegions = (
				en,
				Base,
			);
			mainGroup = ED8859EA271A1682001C01D5;
			packageReferences = (
				ED885A3A271A3DA1001C01D5 /* XCRemoteSwiftPackageReference "swift-sdk" */,
			);
			productRefGroup = ED8859F4271A1682001C01D5 /* Products */;
			projectDirPath = "";
			projectRoot = "";
			targets = (
				ED8859F2271A1682001C01D5 /* IterableCoffee */,
				ED885A08271A1684001C01D5 /* IterableCoffeeTests */,
				ED885A12271A1684001C01D5 /* IterableCoffeeUITests */,
				ED885A2D271A3C85001C01D5 /* IterableCoffeeNS */,
			);
		};
/* End PBXProject section */

/* Begin PBXResourcesBuildPhase section */
		ED8859F1271A1682001C01D5 /* Resources */ = {
			isa = PBXResourcesBuildPhase;
			buildActionMask = 2147483647;
			files = (
				ED885A03271A1684001C01D5 /* LaunchScreen.storyboard in Resources */,
				ED885A00271A1684001C01D5 /* Assets.xcassets in Resources */,
				ED8859FE271A1682001C01D5 /* Main.storyboard in Resources */,
			);
			runOnlyForDeploymentPostprocessing = 0;
		};
		ED885A07271A1684001C01D5 /* Resources */ = {
			isa = PBXResourcesBuildPhase;
			buildActionMask = 2147483647;
			files = (
			);
			runOnlyForDeploymentPostprocessing = 0;
		};
		ED885A11271A1684001C01D5 /* Resources */ = {
			isa = PBXResourcesBuildPhase;
			buildActionMask = 2147483647;
			files = (
			);
			runOnlyForDeploymentPostprocessing = 0;
		};
		ED885A2C271A3C85001C01D5 /* Resources */ = {
			isa = PBXResourcesBuildPhase;
			buildActionMask = 2147483647;
			files = (
			);
			runOnlyForDeploymentPostprocessing = 0;
		};
/* End PBXResourcesBuildPhase section */

/* Begin PBXSourcesBuildPhase section */
		ED8859EF271A1682001C01D5 /* Sources */ = {
			isa = PBXSourcesBuildPhase;
			buildActionMask = 2147483647;
			files = (
				EDF76F0D2727810A006F4116 /* UIViewController+Extension.swift in Sources */,
				ED8859FB271A1682001C01D5 /* ViewController.swift in Sources */,
				EDF76F132729EF70006F4116 /* SignupViewController.swift in Sources */,
				EDF76F09272775C0006F4116 /* Cart.swift in Sources */,
				ED8859F7271A1682001C01D5 /* AppDelegate.swift in Sources */,
				EDF76F07272774C3006F4116 /* CheckoutViewController.swift in Sources */,
				EDC7DCCB2C9B5976005DBDF8 /* EmbeddedMessageView.swift in Sources */,
				ED885A29271A2ED1001C01D5 /* HomeViewController.swift in Sources */,
				EDF76F1127289FD6006F4116 /* CoffeeViewController.swift in Sources */,
				ED33A55B2C6EBDAA005638BC /* User.swift in Sources */,
				EDF76F0B27278093006F4116 /* DeepLinkHandler.swift in Sources */,
			);
			runOnlyForDeploymentPostprocessing = 0;
		};
		ED885A05271A1684001C01D5 /* Sources */ = {
			isa = PBXSourcesBuildPhase;
			buildActionMask = 2147483647;
			files = (
				ED885A0E271A1684001C01D5 /* IterableCoffeeTests.swift in Sources */,
			);
			runOnlyForDeploymentPostprocessing = 0;
		};
		ED885A0F271A1684001C01D5 /* Sources */ = {
			isa = PBXSourcesBuildPhase;
			buildActionMask = 2147483647;
			files = (
				ED885A1A271A1684001C01D5 /* IterableCoffeeUITestsLaunchTests.swift in Sources */,
				ED885A18271A1684001C01D5 /* IterableCoffeeUITests.swift in Sources */,
			);
			runOnlyForDeploymentPostprocessing = 0;
		};
		ED885A2A271A3C85001C01D5 /* Sources */ = {
			isa = PBXSourcesBuildPhase;
			buildActionMask = 2147483647;
			files = (
				ED885A31271A3C85001C01D5 /* NotificationService.swift in Sources */,
			);
			runOnlyForDeploymentPostprocessing = 0;
		};
/* End PBXSourcesBuildPhase section */

/* Begin PBXTargetDependency section */
		ED885A0B271A1684001C01D5 /* PBXTargetDependency */ = {
			isa = PBXTargetDependency;
			target = ED8859F2271A1682001C01D5 /* IterableCoffee */;
			targetProxy = ED885A0A271A1684001C01D5 /* PBXContainerItemProxy */;
		};
		ED885A15271A1684001C01D5 /* PBXTargetDependency */ = {
			isa = PBXTargetDependency;
			target = ED8859F2271A1682001C01D5 /* IterableCoffee */;
			targetProxy = ED885A14271A1684001C01D5 /* PBXContainerItemProxy */;
		};
		ED885A34271A3C85001C01D5 /* PBXTargetDependency */ = {
			isa = PBXTargetDependency;
			target = ED885A2D271A3C85001C01D5 /* IterableCoffeeNS */;
			targetProxy = ED885A33271A3C85001C01D5 /* PBXContainerItemProxy */;
		};
/* End PBXTargetDependency section */

/* Begin PBXVariantGroup section */
		ED8859FC271A1682001C01D5 /* Main.storyboard */ = {
			isa = PBXVariantGroup;
			children = (
				ED8859FD271A1682001C01D5 /* Base */,
			);
			name = Main.storyboard;
			sourceTree = "<group>";
		};
		ED885A01271A1684001C01D5 /* LaunchScreen.storyboard */ = {
			isa = PBXVariantGroup;
			children = (
				ED885A02271A1684001C01D5 /* Base */,
			);
			name = LaunchScreen.storyboard;
			sourceTree = "<group>";
		};
/* End PBXVariantGroup section */

/* Begin XCBuildConfiguration section */
		ED885A1B271A1684001C01D5 /* Debug */ = {
			isa = XCBuildConfiguration;
			buildSettings = {
				ALWAYS_SEARCH_USER_PATHS = NO;
				CLANG_ANALYZER_NONNULL = YES;
				CLANG_ANALYZER_NUMBER_OBJECT_CONVERSION = YES_AGGRESSIVE;
				CLANG_CXX_LANGUAGE_STANDARD = "gnu++17";
				CLANG_CXX_LIBRARY = "libc++";
				CLANG_ENABLE_MODULES = YES;
				CLANG_ENABLE_OBJC_ARC = YES;
				CLANG_ENABLE_OBJC_WEAK = YES;
				CLANG_WARN_BLOCK_CAPTURE_AUTORELEASING = YES;
				CLANG_WARN_BOOL_CONVERSION = YES;
				CLANG_WARN_COMMA = YES;
				CLANG_WARN_CONSTANT_CONVERSION = YES;
				CLANG_WARN_DEPRECATED_OBJC_IMPLEMENTATIONS = YES;
				CLANG_WARN_DIRECT_OBJC_ISA_USAGE = YES_ERROR;
				CLANG_WARN_DOCUMENTATION_COMMENTS = YES;
				CLANG_WARN_EMPTY_BODY = YES;
				CLANG_WARN_ENUM_CONVERSION = YES;
				CLANG_WARN_INFINITE_RECURSION = YES;
				CLANG_WARN_INT_CONVERSION = YES;
				CLANG_WARN_NON_LITERAL_NULL_CONVERSION = YES;
				CLANG_WARN_OBJC_IMPLICIT_RETAIN_SELF = YES;
				CLANG_WARN_OBJC_LITERAL_CONVERSION = YES;
				CLANG_WARN_OBJC_ROOT_CLASS = YES_ERROR;
				CLANG_WARN_QUOTED_INCLUDE_IN_FRAMEWORK_HEADER = YES;
				CLANG_WARN_RANGE_LOOP_ANALYSIS = YES;
				CLANG_WARN_STRICT_PROTOTYPES = YES;
				CLANG_WARN_SUSPICIOUS_MOVE = YES;
				CLANG_WARN_UNGUARDED_AVAILABILITY = YES_AGGRESSIVE;
				CLANG_WARN_UNREACHABLE_CODE = YES;
				CLANG_WARN__DUPLICATE_METHOD_MATCH = YES;
				COPY_PHASE_STRIP = NO;
				DEBUG_INFORMATION_FORMAT = dwarf;
				ENABLE_STRICT_OBJC_MSGSEND = YES;
				ENABLE_TESTABILITY = YES;
				GCC_C_LANGUAGE_STANDARD = gnu11;
				GCC_DYNAMIC_NO_PIC = NO;
				GCC_NO_COMMON_BLOCKS = YES;
				GCC_OPTIMIZATION_LEVEL = 0;
				GCC_PREPROCESSOR_DEFINITIONS = (
					"DEBUG=1",
					"$(inherited)",
				);
				GCC_WARN_64_TO_32_BIT_CONVERSION = YES;
				GCC_WARN_ABOUT_RETURN_TYPE = YES_ERROR;
				GCC_WARN_UNDECLARED_SELECTOR = YES;
				GCC_WARN_UNINITIALIZED_AUTOS = YES_AGGRESSIVE;
				GCC_WARN_UNUSED_FUNCTION = YES;
				GCC_WARN_UNUSED_VARIABLE = YES;
				IPHONEOS_DEPLOYMENT_TARGET = 15.0;
				MTL_ENABLE_DEBUG_INFO = INCLUDE_SOURCE;
				MTL_FAST_MATH = YES;
				ONLY_ACTIVE_ARCH = YES;
				SDKROOT = iphoneos;
				SWIFT_ACTIVE_COMPILATION_CONDITIONS = DEBUG;
				SWIFT_OPTIMIZATION_LEVEL = "-Onone";
			};
			name = Debug;
		};
		ED885A1C271A1684001C01D5 /* Release */ = {
			isa = XCBuildConfiguration;
			buildSettings = {
				ALWAYS_SEARCH_USER_PATHS = NO;
				CLANG_ANALYZER_NONNULL = YES;
				CLANG_ANALYZER_NUMBER_OBJECT_CONVERSION = YES_AGGRESSIVE;
				CLANG_CXX_LANGUAGE_STANDARD = "gnu++17";
				CLANG_CXX_LIBRARY = "libc++";
				CLANG_ENABLE_MODULES = YES;
				CLANG_ENABLE_OBJC_ARC = YES;
				CLANG_ENABLE_OBJC_WEAK = YES;
				CLANG_WARN_BLOCK_CAPTURE_AUTORELEASING = YES;
				CLANG_WARN_BOOL_CONVERSION = YES;
				CLANG_WARN_COMMA = YES;
				CLANG_WARN_CONSTANT_CONVERSION = YES;
				CLANG_WARN_DEPRECATED_OBJC_IMPLEMENTATIONS = YES;
				CLANG_WARN_DIRECT_OBJC_ISA_USAGE = YES_ERROR;
				CLANG_WARN_DOCUMENTATION_COMMENTS = YES;
				CLANG_WARN_EMPTY_BODY = YES;
				CLANG_WARN_ENUM_CONVERSION = YES;
				CLANG_WARN_INFINITE_RECURSION = YES;
				CLANG_WARN_INT_CONVERSION = YES;
				CLANG_WARN_NON_LITERAL_NULL_CONVERSION = YES;
				CLANG_WARN_OBJC_IMPLICIT_RETAIN_SELF = YES;
				CLANG_WARN_OBJC_LITERAL_CONVERSION = YES;
				CLANG_WARN_OBJC_ROOT_CLASS = YES_ERROR;
				CLANG_WARN_QUOTED_INCLUDE_IN_FRAMEWORK_HEADER = YES;
				CLANG_WARN_RANGE_LOOP_ANALYSIS = YES;
				CLANG_WARN_STRICT_PROTOTYPES = YES;
				CLANG_WARN_SUSPICIOUS_MOVE = YES;
				CLANG_WARN_UNGUARDED_AVAILABILITY = YES_AGGRESSIVE;
				CLANG_WARN_UNREACHABLE_CODE = YES;
				CLANG_WARN__DUPLICATE_METHOD_MATCH = YES;
				COPY_PHASE_STRIP = NO;
				DEBUG_INFORMATION_FORMAT = "dwarf-with-dsym";
				ENABLE_NS_ASSERTIONS = NO;
				ENABLE_STRICT_OBJC_MSGSEND = YES;
				GCC_C_LANGUAGE_STANDARD = gnu11;
				GCC_NO_COMMON_BLOCKS = YES;
				GCC_WARN_64_TO_32_BIT_CONVERSION = YES;
				GCC_WARN_ABOUT_RETURN_TYPE = YES_ERROR;
				GCC_WARN_UNDECLARED_SELECTOR = YES;
				GCC_WARN_UNINITIALIZED_AUTOS = YES_AGGRESSIVE;
				GCC_WARN_UNUSED_FUNCTION = YES;
				GCC_WARN_UNUSED_VARIABLE = YES;
				IPHONEOS_DEPLOYMENT_TARGET = 15.0;
				MTL_ENABLE_DEBUG_INFO = NO;
				MTL_FAST_MATH = YES;
				SDKROOT = iphoneos;
				SWIFT_COMPILATION_MODE = wholemodule;
				SWIFT_OPTIMIZATION_LEVEL = "-O";
				VALIDATE_PRODUCT = YES;
			};
			name = Release;
		};
		ED885A1E271A1684001C01D5 /* Debug */ = {
			isa = XCBuildConfiguration;
			buildSettings = {
				ALWAYS_EMBED_SWIFT_STANDARD_LIBRARIES = YES;
				ASSETCATALOG_COMPILER_APPICON_NAME = AppIcon;
				ASSETCATALOG_COMPILER_GLOBAL_ACCENT_COLOR_NAME = AccentColor;
				CODE_SIGN_ENTITLEMENTS = IterableCoffee/IterableCoffee.entitlements;
				CODE_SIGN_STYLE = Automatic;
				CURRENT_PROJECT_VERSION = 1;
				DEVELOPMENT_TEAM = 454L9NG9J9;
				GENERATE_INFOPLIST_FILE = YES;
				INFOPLIST_FILE = IterableCoffee/Info.plist;
				INFOPLIST_KEY_LSApplicationCategoryType = "public.app-category.developer-tools";
				INFOPLIST_KEY_UIApplicationSupportsIndirectInputEvents = YES;
				INFOPLIST_KEY_UILaunchStoryboardName = LaunchScreen;
				INFOPLIST_KEY_UIMainStoryboardFile = Main;
				INFOPLIST_KEY_UISupportedInterfaceOrientations_iPad = "UIInterfaceOrientationPortrait UIInterfaceOrientationPortraitUpsideDown UIInterfaceOrientationLandscapeLeft UIInterfaceOrientationLandscapeRight";
				INFOPLIST_KEY_UISupportedInterfaceOrientations_iPhone = "UIInterfaceOrientationPortrait UIInterfaceOrientationLandscapeLeft UIInterfaceOrientationLandscapeRight";
				LD_RUNPATH_SEARCH_PATHS = (
					"$(inherited)",
					"@executable_path/Frameworks",
				);
				MARKETING_VERSION = 1.0;
				PRODUCT_BUNDLE_IDENTIFIER = com.ReiterableCoffee.IterableCoffee;
				PRODUCT_NAME = "$(TARGET_NAME)";
				SWIFT_EMIT_LOC_STRINGS = YES;
				SWIFT_VERSION = 5.0;
				TARGETED_DEVICE_FAMILY = "1,2";
			};
			name = Debug;
		};
		ED885A1F271A1684001C01D5 /* Release */ = {
			isa = XCBuildConfiguration;
			buildSettings = {
				ALWAYS_EMBED_SWIFT_STANDARD_LIBRARIES = YES;
				ASSETCATALOG_COMPILER_APPICON_NAME = AppIcon;
				ASSETCATALOG_COMPILER_GLOBAL_ACCENT_COLOR_NAME = AccentColor;
				CODE_SIGN_ENTITLEMENTS = IterableCoffee/IterableCoffee.entitlements;
				CODE_SIGN_STYLE = Automatic;
				CURRENT_PROJECT_VERSION = 1;
				DEVELOPMENT_TEAM = 454L9NG9J9;
				GENERATE_INFOPLIST_FILE = YES;
				INFOPLIST_FILE = IterableCoffee/Info.plist;
				INFOPLIST_KEY_LSApplicationCategoryType = "public.app-category.developer-tools";
				INFOPLIST_KEY_UIApplicationSupportsIndirectInputEvents = YES;
				INFOPLIST_KEY_UILaunchStoryboardName = LaunchScreen;
				INFOPLIST_KEY_UIMainStoryboardFile = Main;
				INFOPLIST_KEY_UISupportedInterfaceOrientations_iPad = "UIInterfaceOrientationPortrait UIInterfaceOrientationPortraitUpsideDown UIInterfaceOrientationLandscapeLeft UIInterfaceOrientationLandscapeRight";
				INFOPLIST_KEY_UISupportedInterfaceOrientations_iPhone = "UIInterfaceOrientationPortrait UIInterfaceOrientationLandscapeLeft UIInterfaceOrientationLandscapeRight";
				LD_RUNPATH_SEARCH_PATHS = (
					"$(inherited)",
					"@executable_path/Frameworks",
				);
				MARKETING_VERSION = 1.0;
				PRODUCT_BUNDLE_IDENTIFIER = com.ReiterableCoffee.IterableCoffee;
				PRODUCT_NAME = "$(TARGET_NAME)";
				SWIFT_EMIT_LOC_STRINGS = YES;
				SWIFT_VERSION = 5.0;
				TARGETED_DEVICE_FAMILY = "1,2";
			};
			name = Release;
		};
		ED885A21271A1684001C01D5 /* Debug */ = {
			isa = XCBuildConfiguration;
			buildSettings = {
				ALWAYS_EMBED_SWIFT_STANDARD_LIBRARIES = YES;
				BUNDLE_LOADER = "$(TEST_HOST)";
				CODE_SIGN_STYLE = Automatic;
				CURRENT_PROJECT_VERSION = 1;
				DEVELOPMENT_TEAM = 454L9NG9J9;
				GENERATE_INFOPLIST_FILE = YES;
				IPHONEOS_DEPLOYMENT_TARGET = 15.0;
				LD_RUNPATH_SEARCH_PATHS = (
					"$(inherited)",
					"@executable_path/Frameworks",
					"@loader_path/Frameworks",
				);
				MARKETING_VERSION = 1.0;
				PRODUCT_BUNDLE_IDENTIFIER = com.ineedpizza.IterableCoffee.IterableCoffeeTests;
				PRODUCT_NAME = "$(TARGET_NAME)";
				SWIFT_EMIT_LOC_STRINGS = NO;
				SWIFT_VERSION = 5.0;
				TARGETED_DEVICE_FAMILY = "1,2";
				TEST_HOST = "$(BUILT_PRODUCTS_DIR)/IterableCoffee.app/IterableCoffee";
			};
			name = Debug;
		};
		ED885A22271A1684001C01D5 /* Release */ = {
			isa = XCBuildConfiguration;
			buildSettings = {
				ALWAYS_EMBED_SWIFT_STANDARD_LIBRARIES = YES;
				BUNDLE_LOADER = "$(TEST_HOST)";
				CODE_SIGN_STYLE = Automatic;
				CURRENT_PROJECT_VERSION = 1;
				DEVELOPMENT_TEAM = 454L9NG9J9;
				GENERATE_INFOPLIST_FILE = YES;
				IPHONEOS_DEPLOYMENT_TARGET = 15.0;
				LD_RUNPATH_SEARCH_PATHS = (
					"$(inherited)",
					"@executable_path/Frameworks",
					"@loader_path/Frameworks",
				);
				MARKETING_VERSION = 1.0;
				PRODUCT_BUNDLE_IDENTIFIER = com.ineedpizza.IterableCoffee.IterableCoffeeTests;
				PRODUCT_NAME = "$(TARGET_NAME)";
				SWIFT_EMIT_LOC_STRINGS = NO;
				SWIFT_VERSION = 5.0;
				TARGETED_DEVICE_FAMILY = "1,2";
				TEST_HOST = "$(BUILT_PRODUCTS_DIR)/IterableCoffee.app/IterableCoffee";
			};
			name = Release;
		};
		ED885A24271A1684001C01D5 /* Debug */ = {
			isa = XCBuildConfiguration;
			buildSettings = {
				ALWAYS_EMBED_SWIFT_STANDARD_LIBRARIES = YES;
				CODE_SIGN_STYLE = Automatic;
				CURRENT_PROJECT_VERSION = 1;
				DEVELOPMENT_TEAM = 454L9NG9J9;
				GENERATE_INFOPLIST_FILE = YES;
				LD_RUNPATH_SEARCH_PATHS = (
					"$(inherited)",
					"@executable_path/Frameworks",
					"@loader_path/Frameworks",
				);
				MARKETING_VERSION = 1.0;
				PRODUCT_BUNDLE_IDENTIFIER = com.ineedpizza.IterableCoffee.IterableCoffeeUITests;
				PRODUCT_NAME = "$(TARGET_NAME)";
				SWIFT_EMIT_LOC_STRINGS = NO;
				SWIFT_VERSION = 5.0;
				TARGETED_DEVICE_FAMILY = "1,2";
				TEST_TARGET_NAME = IterableCoffee;
			};
			name = Debug;
		};
		ED885A25271A1684001C01D5 /* Release */ = {
			isa = XCBuildConfiguration;
			buildSettings = {
				ALWAYS_EMBED_SWIFT_STANDARD_LIBRARIES = YES;
				CODE_SIGN_STYLE = Automatic;
				CURRENT_PROJECT_VERSION = 1;
				DEVELOPMENT_TEAM = 454L9NG9J9;
				GENERATE_INFOPLIST_FILE = YES;
				LD_RUNPATH_SEARCH_PATHS = (
					"$(inherited)",
					"@executable_path/Frameworks",
					"@loader_path/Frameworks",
				);
				MARKETING_VERSION = 1.0;
				PRODUCT_BUNDLE_IDENTIFIER = com.ineedpizza.IterableCoffee.IterableCoffeeUITests;
				PRODUCT_NAME = "$(TARGET_NAME)";
				SWIFT_EMIT_LOC_STRINGS = NO;
				SWIFT_VERSION = 5.0;
				TARGETED_DEVICE_FAMILY = "1,2";
				TEST_TARGET_NAME = IterableCoffee;
			};
			name = Release;
		};
		ED885A37271A3C85001C01D5 /* Debug */ = {
			isa = XCBuildConfiguration;
			buildSettings = {
				CODE_SIGN_STYLE = Automatic;
				CURRENT_PROJECT_VERSION = 1;
				DEVELOPMENT_TEAM = 454L9NG9J9;
				GENERATE_INFOPLIST_FILE = YES;
				INFOPLIST_FILE = IterableCoffeeNS/Info.plist;
				INFOPLIST_KEY_CFBundleDisplayName = IterableCoffeeNS;
				INFOPLIST_KEY_NSHumanReadableCopyright = "";
				LD_RUNPATH_SEARCH_PATHS = (
					"$(inherited)",
					"@executable_path/Frameworks",
					"@executable_path/../../Frameworks",
				);
				MARKETING_VERSION = 1.0;
				PRODUCT_BUNDLE_IDENTIFIER = com.ReiterableCoffee.IterableCoffee.IterableCoffeeNS;
				PRODUCT_NAME = "$(TARGET_NAME)";
				SKIP_INSTALL = YES;
				SWIFT_EMIT_LOC_STRINGS = YES;
				SWIFT_VERSION = 5.0;
				TARGETED_DEVICE_FAMILY = "1,2";
			};
			name = Debug;
		};
		ED885A38271A3C85001C01D5 /* Release */ = {
			isa = XCBuildConfiguration;
			buildSettings = {
				CODE_SIGN_STYLE = Automatic;
				CURRENT_PROJECT_VERSION = 1;
				DEVELOPMENT_TEAM = 454L9NG9J9;
				GENERATE_INFOPLIST_FILE = YES;
				INFOPLIST_FILE = IterableCoffeeNS/Info.plist;
				INFOPLIST_KEY_CFBundleDisplayName = IterableCoffeeNS;
				INFOPLIST_KEY_NSHumanReadableCopyright = "";
				LD_RUNPATH_SEARCH_PATHS = (
					"$(inherited)",
					"@executable_path/Frameworks",
					"@executable_path/../../Frameworks",
				);
				MARKETING_VERSION = 1.0;
				PRODUCT_BUNDLE_IDENTIFIER = com.ReiterableCoffee.IterableCoffee.IterableCoffeeNS;
				PRODUCT_NAME = "$(TARGET_NAME)";
				SKIP_INSTALL = YES;
				SWIFT_EMIT_LOC_STRINGS = YES;
				SWIFT_VERSION = 5.0;
				TARGETED_DEVICE_FAMILY = "1,2";
			};
			name = Release;
		};
/* End XCBuildConfiguration section */

/* Begin XCConfigurationList section */
		ED8859EE271A1682001C01D5 /* Build configuration list for PBXProject "IterableCoffee" */ = {
			isa = XCConfigurationList;
			buildConfigurations = (
				ED885A1B271A1684001C01D5 /* Debug */,
				ED885A1C271A1684001C01D5 /* Release */,
			);
			defaultConfigurationIsVisible = 0;
			defaultConfigurationName = Release;
		};
		ED885A1D271A1684001C01D5 /* Build configuration list for PBXNativeTarget "IterableCoffee" */ = {
			isa = XCConfigurationList;
			buildConfigurations = (
				ED885A1E271A1684001C01D5 /* Debug */,
				ED885A1F271A1684001C01D5 /* Release */,
			);
			defaultConfigurationIsVisible = 0;
			defaultConfigurationName = Release;
		};
		ED885A20271A1684001C01D5 /* Build configuration list for PBXNativeTarget "IterableCoffeeTests" */ = {
			isa = XCConfigurationList;
			buildConfigurations = (
				ED885A21271A1684001C01D5 /* Debug */,
				ED885A22271A1684001C01D5 /* Release */,
			);
			defaultConfigurationIsVisible = 0;
			defaultConfigurationName = Release;
		};
		ED885A23271A1684001C01D5 /* Build configuration list for PBXNativeTarget "IterableCoffeeUITests" */ = {
			isa = XCConfigurationList;
			buildConfigurations = (
				ED885A24271A1684001C01D5 /* Debug */,
				ED885A25271A1684001C01D5 /* Release */,
			);
			defaultConfigurationIsVisible = 0;
			defaultConfigurationName = Release;
		};
		ED885A36271A3C85001C01D5 /* Build configuration list for PBXNativeTarget "IterableCoffeeNS" */ = {
			isa = XCConfigurationList;
			buildConfigurations = (
				ED885A37271A3C85001C01D5 /* Debug */,
				ED885A38271A3C85001C01D5 /* Release */,
			);
			defaultConfigurationIsVisible = 0;
			defaultConfigurationName = Release;
		};
/* End XCConfigurationList section */

/* Begin XCRemoteSwiftPackageReference section */
		ED885A3A271A3DA1001C01D5 /* XCRemoteSwiftPackageReference "swift-sdk" */ = {
			isa = XCRemoteSwiftPackageReference;
			repositoryURL = "https://github.com/iterable/swift-sdk";
			requirement = {
				kind = upToNextMajorVersion;
				minimumVersion = 6.5.5;
			};
		};
/* End XCRemoteSwiftPackageReference section */

/* Begin XCSwiftPackageProductDependency section */
		ED885A3B271A3DA1001C01D5 /* IterableAppExtensions */ = {
			isa = XCSwiftPackageProductDependency;
			package = ED885A3A271A3DA1001C01D5 /* XCRemoteSwiftPackageReference "swift-sdk" */;
			productName = IterableAppExtensions;
		};
		ED885A3D271A3DA1001C01D5 /* IterableSDK */ = {
			isa = XCSwiftPackageProductDependency;
			package = ED885A3A271A3DA1001C01D5 /* XCRemoteSwiftPackageReference "swift-sdk" */;
			productName = IterableSDK;
		};
/* End XCSwiftPackageProductDependency section */
	};
	rootObject = ED8859EB271A1682001C01D5 /* Project object */;
}
